
Microsoft Visual Studio Solution File, Format Version 11.00
# Visual Studio 2010
Project("{FAE04EC0-301F-11D3-BF4B-00C04F79EFBC}") = "Assembly-CSharp-firstpass", "Assembly-CSharp-firstpass.csproj", "{b07d12d7-0649-fd38-9057-039707e9dec9}"
EndProject
Project("{FAE04EC0-301F-11D3-BF4B-00C04F79EFBC}") = "Assembly-CSharp", "Assembly-CSharp.csproj", "{9980d853-3f2a-a3fb-1976-32e1b379648f}"
EndProject
Project("{FAE04EC0-301F-11D3-BF4B-00C04F79EFBC}") = "Assembly-CSharp-Editor-firstpass", "Assembly-CSharp-Editor-firstpass.csproj", "{0fa8717d-017b-34ba-4bb4-a496ccf3e77a}"
EndProject
Global
	GlobalSection(SolutionConfigurationPlatforms) = preSolution
		Debug|Any CPU = Debug|Any CPU
	EndGlobalSection
	GlobalSection(ProjectConfigurationPlatforms) = postSolution
		{b07d12d7-0649-fd38-9057-039707e9dec9}.Debug|Any CPU.ActiveCfg = Debug|Any CPU
		{b07d12d7-0649-fd38-9057-039707e9dec9}.Debug|Any CPU.Build.0 = Debug|Any CPU
		{9980d853-3f2a-a3fb-1976-32e1b379648f}.Debug|Any CPU.ActiveCfg = Debug|Any CPU
		{9980d853-3f2a-a3fb-1976-32e1b379648f}.Debug|Any CPU.Build.0 = Debug|Any CPU
		{0fa8717d-017b-34ba-4bb4-a496ccf3e77a}.Debug|Any CPU.ActiveCfg = Debug|Any CPU
		{0fa8717d-017b-34ba-4bb4-a496ccf3e77a}.Debug|Any CPU.Build.0 = Debug|Any CPU
	EndGlobalSection
	GlobalSection(SolutionProperties) = preSolution
		HideSolutionNode = FALSE
	EndGlobalSection
EndGlobal
